// !$*UTF8*$!
{
	archiveVersion = 1;
	classes = {
	};
	objectVersion = 50;
	objects = {

/* Begin PBXBuildFile section */
		0140D2AA51327C8E254FA0FC /* Pods_reactive_mobile_demo.framework in Frameworks */ = {isa = PBXBuildFile; fileRef = 2ED4B242339765747E4914A7 /* Pods_reactive_mobile_demo.framework */; };
		89AEE10422186BC60084FC5C /* AppDelegate.swift in Sources */ = {isa = PBXBuildFile; fileRef = 89AEE10322186BC60084FC5C /* AppDelegate.swift */; };
		89AEE10622186BC60084FC5C /* AuthViewController.swift in Sources */ = {isa = PBXBuildFile; fileRef = 89AEE10522186BC60084FC5C /* AuthViewController.swift */; };
		89AEE10922186BC60084FC5C /* Main.storyboard in Resources */ = {isa = PBXBuildFile; fileRef = 89AEE10722186BC60084FC5C /* Main.storyboard */; };
		89AEE10B22186BCC0084FC5C /* Assets.xcassets in Resources */ = {isa = PBXBuildFile; fileRef = 89AEE10A22186BCC0084FC5C /* Assets.xcassets */; };
		89AEE10E22186BCC0084FC5C /* LaunchScreen.storyboard in Resources */ = {isa = PBXBuildFile; fileRef = 89AEE10C22186BCC0084FC5C /* LaunchScreen.storyboard */; };
		89AEE11922186BCC0084FC5C /* reactive_mobile_demoTests.swift in Sources */ = {isa = PBXBuildFile; fileRef = 89AEE11822186BCC0084FC5C /* reactive_mobile_demoTests.swift */; };
		89AEE12A221870AF0084FC5C /* Store.swift in Sources */ = {isa = PBXBuildFile; fileRef = 89AEE129221870AF0084FC5C /* Store.swift */; };
		89AEE12C221870DE0084FC5C /* AppState.swift in Sources */ = {isa = PBXBuildFile; fileRef = 89AEE12B221870DE0084FC5C /* AppState.swift */; };
		89AEE12E221871420084FC5C /* MainReducer.swift in Sources */ = {isa = PBXBuildFile; fileRef = 89AEE12D221871420084FC5C /* MainReducer.swift */; };
		89AEE13222187A7F0084FC5C /* User.swift in Sources */ = {isa = PBXBuildFile; fileRef = 89AEE13122187A7F0084FC5C /* User.swift */; };
		89AEE13422187E4D0084FC5C /* Thought.swift in Sources */ = {isa = PBXBuildFile; fileRef = 89AEE13322187E4D0084FC5C /* Thought.swift */; };
		89AEE136221881660084FC5C /* AuthState.swift in Sources */ = {isa = PBXBuildFile; fileRef = 89AEE135221881660084FC5C /* AuthState.swift */; };
		89AEE138221882B00084FC5C /* API.swift in Sources */ = {isa = PBXBuildFile; fileRef = 89AEE137221882B00084FC5C /* API.swift */; };
		89AEE13A221887610084FC5C /* AuthActions.swift in Sources */ = {isa = PBXBuildFile; fileRef = 89AEE139221887610084FC5C /* AuthActions.swift */; };
		89AEE13C221893CC0084FC5C /* AppModel.swift in Sources */ = {isa = PBXBuildFile; fileRef = 89AEE13B221893CC0084FC5C /* AppModel.swift */; };
		89AEE13E221896A80084FC5C /* AuthReducer.swift in Sources */ = {isa = PBXBuildFile; fileRef = 89AEE13D221896A80084FC5C /* AuthReducer.swift */; };
		89AEE1402218975A0084FC5C /* ThoughtsReducer.swift in Sources */ = {isa = PBXBuildFile; fileRef = 89AEE13F2218975A0084FC5C /* ThoughtsReducer.swift */; };
		89AEE14222199BBA0084FC5C /* ThoughtActions.swift in Sources */ = {isa = PBXBuildFile; fileRef = 89AEE14122199BBA0084FC5C /* ThoughtActions.swift */; };
		89AEE1442219EA340084FC5C /* ThoughtsState.swift in Sources */ = {isa = PBXBuildFile; fileRef = 89AEE1432219EA340084FC5C /* ThoughtsState.swift */; };
		89AEE1472219F0FE0084FC5C /* ThoughtsObserver.swift in Sources */ = {isa = PBXBuildFile; fileRef = 89AEE1462219F0FE0084FC5C /* ThoughtsObserver.swift */; };
/* End PBXBuildFile section */

/* Begin PBXContainerItemProxy section */
		89AEE11522186BCC0084FC5C /* PBXContainerItemProxy */ = {
			isa = PBXContainerItemProxy;
			containerPortal = 89AEE0F822186BC60084FC5C /* Project object */;
			proxyType = 1;
			remoteGlobalIDString = 89AEE0FF22186BC60084FC5C;
			remoteInfo = "reactive-mobile-demo";
		};
/* End PBXContainerItemProxy section */

/* Begin PBXFileReference section */
		2B48D0F760C4388AB579B155 /* Pods-reactive-mobile-demo.debug.xcconfig */ = {isa = PBXFileReference; includeInIndex = 1; lastKnownFileType = text.xcconfig; name = "Pods-reactive-mobile-demo.debug.xcconfig"; path = "Pods/Target Support Files/Pods-reactive-mobile-demo/Pods-reactive-mobile-demo.debug.xcconfig"; sourceTree = "<group>"; };
		2ED4B242339765747E4914A7 /* Pods_reactive_mobile_demo.framework */ = {isa = PBXFileReference; explicitFileType = wrapper.framework; includeInIndex = 0; path = Pods_reactive_mobile_demo.framework; sourceTree = BUILT_PRODUCTS_DIR; };
		89AEE10022186BC60084FC5C /* reactive-mobile-demo.app */ = {isa = PBXFileReference; explicitFileType = wrapper.application; includeInIndex = 0; path = "reactive-mobile-demo.app"; sourceTree = BUILT_PRODUCTS_DIR; };
		89AEE10322186BC60084FC5C /* AppDelegate.swift */ = {isa = PBXFileReference; lastKnownFileType = sourcecode.swift; path = AppDelegate.swift; sourceTree = "<group>"; };
		89AEE10522186BC60084FC5C /* AuthViewController.swift */ = {isa = PBXFileReference; lastKnownFileType = sourcecode.swift; path = AuthViewController.swift; sourceTree = "<group>"; };
		89AEE10822186BC60084FC5C /* Base */ = {isa = PBXFileReference; lastKnownFileType = file.storyboard; name = Base; path = Base.lproj/Main.storyboard; sourceTree = "<group>"; };
		89AEE10A22186BCC0084FC5C /* Assets.xcassets */ = {isa = PBXFileReference; lastKnownFileType = folder.assetcatalog; path = Assets.xcassets; sourceTree = "<group>"; };
		89AEE10D22186BCC0084FC5C /* Base */ = {isa = PBXFileReference; lastKnownFileType = file.storyboard; name = Base; path = Base.lproj/LaunchScreen.storyboard; sourceTree = "<group>"; };
		89AEE10F22186BCC0084FC5C /* Info.plist */ = {isa = PBXFileReference; lastKnownFileType = text.plist.xml; path = Info.plist; sourceTree = "<group>"; };
		89AEE11422186BCC0084FC5C /* reactive-mobile-demoTests.xctest */ = {isa = PBXFileReference; explicitFileType = wrapper.cfbundle; includeInIndex = 0; path = "reactive-mobile-demoTests.xctest"; sourceTree = BUILT_PRODUCTS_DIR; };
		89AEE11822186BCC0084FC5C /* reactive_mobile_demoTests.swift */ = {isa = PBXFileReference; lastKnownFileType = sourcecode.swift; path = reactive_mobile_demoTests.swift; sourceTree = "<group>"; };
		89AEE11A22186BCC0084FC5C /* Info.plist */ = {isa = PBXFileReference; lastKnownFileType = text.plist.xml; path = Info.plist; sourceTree = "<group>"; };
		89AEE129221870AF0084FC5C /* Store.swift */ = {isa = PBXFileReference; lastKnownFileType = sourcecode.swift; path = Store.swift; sourceTree = "<group>"; };
		89AEE12B221870DE0084FC5C /* AppState.swift */ = {isa = PBXFileReference; lastKnownFileType = sourcecode.swift; path = AppState.swift; sourceTree = "<group>"; };
		89AEE12D221871420084FC5C /* MainReducer.swift */ = {isa = PBXFileReference; lastKnownFileType = sourcecode.swift; path = MainReducer.swift; sourceTree = "<group>"; };
		89AEE13122187A7F0084FC5C /* User.swift */ = {isa = PBXFileReference; lastKnownFileType = sourcecode.swift; path = User.swift; sourceTree = "<group>"; };
		89AEE13322187E4D0084FC5C /* Thought.swift */ = {isa = PBXFileReference; lastKnownFileType = sourcecode.swift; path = Thought.swift; sourceTree = "<group>"; };
		89AEE135221881660084FC5C /* AuthState.swift */ = {isa = PBXFileReference; lastKnownFileType = sourcecode.swift; path = AuthState.swift; sourceTree = "<group>"; };
		89AEE137221882B00084FC5C /* API.swift */ = {isa = PBXFileReference; lastKnownFileType = sourcecode.swift; path = API.swift; sourceTree = "<group>"; };
		89AEE139221887610084FC5C /* AuthActions.swift */ = {isa = PBXFileReference; lastKnownFileType = sourcecode.swift; path = AuthActions.swift; sourceTree = "<group>"; };
		89AEE13B221893CC0084FC5C /* AppModel.swift */ = {isa = PBXFileReference; lastKnownFileType = sourcecode.swift; path = AppModel.swift; sourceTree = "<group>"; };
		89AEE13D221896A80084FC5C /* AuthReducer.swift */ = {isa = PBXFileReference; lastKnownFileType = sourcecode.swift; path = AuthReducer.swift; sourceTree = "<group>"; };
		89AEE13F2218975A0084FC5C /* ThoughtsReducer.swift */ = {isa = PBXFileReference; lastKnownFileType = sourcecode.swift; path = ThoughtsReducer.swift; sourceTree = "<group>"; };
		89AEE14122199BBA0084FC5C /* ThoughtActions.swift */ = {isa = PBXFileReference; lastKnownFileType = sourcecode.swift; path = ThoughtActions.swift; sourceTree = "<group>"; };
		89AEE1432219EA340084FC5C /* ThoughtsState.swift */ = {isa = PBXFileReference; lastKnownFileType = sourcecode.swift; path = ThoughtsState.swift; sourceTree = "<group>"; };
		89AEE1462219F0FE0084FC5C /* ThoughtsObserver.swift */ = {isa = PBXFileReference; lastKnownFileType = sourcecode.swift; path = ThoughtsObserver.swift; sourceTree = "<group>"; };
		BAEE11F2E71CF650A6AB3C97 /* Pods-reactive-mobile-demo.release.xcconfig */ = {isa = PBXFileReference; includeInIndex = 1; lastKnownFileType = text.xcconfig; name = "Pods-reactive-mobile-demo.release.xcconfig"; path = "Pods/Target Support Files/Pods-reactive-mobile-demo/Pods-reactive-mobile-demo.release.xcconfig"; sourceTree = "<group>"; };
/* End PBXFileReference section */

/* Begin PBXFrameworksBuildPhase section */
		89AEE0FD22186BC60084FC5C /* Frameworks */ = {
			isa = PBXFrameworksBuildPhase;
			buildActionMask = 2147483647;
			files = (
				0140D2AA51327C8E254FA0FC /* Pods_reactive_mobile_demo.framework in Frameworks */,
			);
			runOnlyForDeploymentPostprocessing = 0;
		};
		89AEE11122186BCC0084FC5C /* Frameworks */ = {
			isa = PBXFrameworksBuildPhase;
			buildActionMask = 2147483647;
			files = (
			);
			runOnlyForDeploymentPostprocessing = 0;
		};
/* End PBXFrameworksBuildPhase section */

/* Begin PBXGroup section */
		57161ECC2BFF67A7A440710D /* Pods */ = {
			isa = PBXGroup;
			children = (
				2B48D0F760C4388AB579B155 /* Pods-reactive-mobile-demo.debug.xcconfig */,
				BAEE11F2E71CF650A6AB3C97 /* Pods-reactive-mobile-demo.release.xcconfig */,
			);
			name = Pods;
			sourceTree = "<group>";
		};
		89AEE0F722186BC60084FC5C = {
			isa = PBXGroup;
			children = (
				89AEE10222186BC60084FC5C /* reactive-mobile-demo */,
				89AEE11722186BCC0084FC5C /* reactive-mobile-demoTests */,
				89AEE10122186BC60084FC5C /* Products */,
				57161ECC2BFF67A7A440710D /* Pods */,
				AA78BB4E6596D92197912F9C /* Frameworks */,
			);
			sourceTree = "<group>";
		};
		89AEE10122186BC60084FC5C /* Products */ = {
			isa = PBXGroup;
			children = (
				89AEE10022186BC60084FC5C /* reactive-mobile-demo.app */,
				89AEE11422186BCC0084FC5C /* reactive-mobile-demoTests.xctest */,
			);
			name = Products;
			sourceTree = "<group>";
		};
		89AEE10222186BC60084FC5C /* reactive-mobile-demo */ = {
			isa = PBXGroup;
			children = (
				89AEE1452219F0E70084FC5C /* Observers */,
				89AEE13022187A6B0084FC5C /* Models */,
				89AEE12F2218787A0084FC5C /* ViewControllers */,
				89AEE124221870460084FC5C /* Redux */,
				89AEE1232218703E0084FC5C /* API */,
				89AEE10322186BC60084FC5C /* AppDelegate.swift */,
				89AEE10722186BC60084FC5C /* Main.storyboard */,
				89AEE10A22186BCC0084FC5C /* Assets.xcassets */,
				89AEE10C22186BCC0084FC5C /* LaunchScreen.storyboard */,
				89AEE10F22186BCC0084FC5C /* Info.plist */,
			);
			path = "reactive-mobile-demo";
			sourceTree = "<group>";
		};
		89AEE11722186BCC0084FC5C /* reactive-mobile-demoTests */ = {
			isa = PBXGroup;
			children = (
				89AEE11822186BCC0084FC5C /* reactive_mobile_demoTests.swift */,
				89AEE11A22186BCC0084FC5C /* Info.plist */,
			);
			path = "reactive-mobile-demoTests";
			sourceTree = "<group>";
		};
		89AEE1232218703E0084FC5C /* API */ = {
			isa = PBXGroup;
			children = (
				89AEE137221882B00084FC5C /* API.swift */,
			);
			path = API;
			sourceTree = "<group>";
		};
		89AEE124221870460084FC5C /* Redux */ = {
			isa = PBXGroup;
			children = (
				89AEE1282218707E0084FC5C /* Middleware */,
				89AEE127221870790084FC5C /* Actions */,
				89AEE126221870740084FC5C /* State */,
				89AEE1252218706E0084FC5C /* Reducrs */,
				89AEE129221870AF0084FC5C /* Store.swift */,
			);
			path = Redux;
			sourceTree = "<group>";
		};
		89AEE1252218706E0084FC5C /* Reducrs */ = {
			isa = PBXGroup;
			children = (
				89AEE12D221871420084FC5C /* MainReducer.swift */,
				89AEE13D221896A80084FC5C /* AuthReducer.swift */,
				89AEE13F2218975A0084FC5C /* ThoughtsReducer.swift */,
			);
			path = Reducrs;
			sourceTree = "<group>";
		};
		89AEE126221870740084FC5C /* State */ = {
			isa = PBXGroup;
			children = (
				89AEE12B221870DE0084FC5C /* AppState.swift */,
				89AEE135221881660084FC5C /* AuthState.swift */,
				89AEE1432219EA340084FC5C /* ThoughtsState.swift */,
			);
			path = State;
			sourceTree = "<group>";
		};
		89AEE127221870790084FC5C /* Actions */ = {
			isa = PBXGroup;
			children = (
				89AEE139221887610084FC5C /* AuthActions.swift */,
				89AEE14122199BBA0084FC5C /* ThoughtActions.swift */,
			);
			path = Actions;
			sourceTree = "<group>";
		};
		89AEE1282218707E0084FC5C /* Middleware */ = {
			isa = PBXGroup;
			children = (
			);
			path = Middleware;
			sourceTree = "<group>";
		};
		89AEE12F2218787A0084FC5C /* ViewControllers */ = {
			isa = PBXGroup;
			children = (
				89AEE10522186BC60084FC5C /* AuthViewController.swift */,
			);
			path = ViewControllers;
			sourceTree = "<group>";
		};
		89AEE13022187A6B0084FC5C /* Models */ = {
			isa = PBXGroup;
			children = (
				89AEE13122187A7F0084FC5C /* User.swift */,
				89AEE13322187E4D0084FC5C /* Thought.swift */,
				89AEE13B221893CC0084FC5C /* AppModel.swift */,
			);
			path = Models;
			sourceTree = "<group>";
		};
		89AEE1452219F0E70084FC5C /* Observers */ = {
			isa = PBXGroup;
			children = (
				89AEE1462219F0FE0084FC5C /* ThoughtsObserver.swift */,
			);
			path = Observers;
			sourceTree = "<group>";
		};
		AA78BB4E6596D92197912F9C /* Frameworks */ = {
			isa = PBXGroup;
			children = (
				2ED4B242339765747E4914A7 /* Pods_reactive_mobile_demo.framework */,
			);
			name = Frameworks;
			sourceTree = "<group>";
		};
/* End PBXGroup section */

/* Begin PBXNativeTarget section */
		89AEE0FF22186BC60084FC5C /* reactive-mobile-demo */ = {
			isa = PBXNativeTarget;
			buildConfigurationList = 89AEE11D22186BCC0084FC5C /* Build configuration list for PBXNativeTarget "reactive-mobile-demo" */;
			buildPhases = (
				101F0D4C6AF27F3136E434AF /* [CP] Check Pods Manifest.lock */,
				89AEE0FC22186BC60084FC5C /* Sources */,
				89AEE0FD22186BC60084FC5C /* Frameworks */,
				89AEE0FE22186BC60084FC5C /* Resources */,
				592B07338AB6469AFF5DF54B /* [CP] Embed Pods Frameworks */,
			);
			buildRules = (
			);
			dependencies = (
			);
			name = "reactive-mobile-demo";
			productName = "reactive-mobile-demo";
			productReference = 89AEE10022186BC60084FC5C /* reactive-mobile-demo.app */;
			productType = "com.apple.product-type.application";
		};
		89AEE11322186BCC0084FC5C /* reactive-mobile-demoTests */ = {
			isa = PBXNativeTarget;
			buildConfigurationList = 89AEE12022186BCC0084FC5C /* Build configuration list for PBXNativeTarget "reactive-mobile-demoTests" */;
			buildPhases = (
				89AEE11022186BCC0084FC5C /* Sources */,
				89AEE11122186BCC0084FC5C /* Frameworks */,
				89AEE11222186BCC0084FC5C /* Resources */,
			);
			buildRules = (
			);
			dependencies = (
				89AEE11622186BCC0084FC5C /* PBXTargetDependency */,
			);
			name = "reactive-mobile-demoTests";
			productName = "reactive-mobile-demoTests";
			productReference = 89AEE11422186BCC0084FC5C /* reactive-mobile-demoTests.xctest */;
			productType = "com.apple.product-type.bundle.unit-test";
		};
/* End PBXNativeTarget section */

/* Begin PBXProject section */
		89AEE0F822186BC60084FC5C /* Project object */ = {
			isa = PBXProject;
			attributes = {
				LastSwiftUpdateCheck = 1010;
				LastUpgradeCheck = 1010;
				ORGANIZATIONNAME = microsoft;
				TargetAttributes = {
					89AEE0FF22186BC60084FC5C = {
						CreatedOnToolsVersion = 10.1;
					};
					89AEE11322186BCC0084FC5C = {
						CreatedOnToolsVersion = 10.1;
						TestTargetID = 89AEE0FF22186BC60084FC5C;
					};
				};
			};
			buildConfigurationList = 89AEE0FB22186BC60084FC5C /* Build configuration list for PBXProject "reactive-mobile-demo" */;
			compatibilityVersion = "Xcode 9.3";
			developmentRegion = en;
			hasScannedForEncodings = 0;
			knownRegions = (
				en,
				Base,
			);
			mainGroup = 89AEE0F722186BC60084FC5C;
			productRefGroup = 89AEE10122186BC60084FC5C /* Products */;
			projectDirPath = "";
			projectRoot = "";
			targets = (
				89AEE0FF22186BC60084FC5C /* reactive-mobile-demo */,
				89AEE11322186BCC0084FC5C /* reactive-mobile-demoTests */,
			);
		};
/* End PBXProject section */

/* Begin PBXResourcesBuildPhase section */
		89AEE0FE22186BC60084FC5C /* Resources */ = {
			isa = PBXResourcesBuildPhase;
			buildActionMask = 2147483647;
			files = (
				89AEE10E22186BCC0084FC5C /* LaunchScreen.storyboard in Resources */,
				89AEE10B22186BCC0084FC5C /* Assets.xcassets in Resources */,
				89AEE10922186BC60084FC5C /* Main.storyboard in Resources */,
			);
			runOnlyForDeploymentPostprocessing = 0;
		};
		89AEE11222186BCC0084FC5C /* Resources */ = {
			isa = PBXResourcesBuildPhase;
			buildActionMask = 2147483647;
			files = (
			);
			runOnlyForDeploymentPostprocessing = 0;
		};
/* End PBXResourcesBuildPhase section */

/* Begin PBXShellScriptBuildPhase section */
		101F0D4C6AF27F3136E434AF /* [CP] Check Pods Manifest.lock */ = {
			isa = PBXShellScriptBuildPhase;
			buildActionMask = 2147483647;
			files = (
			);
			inputFileListPaths = (
			);
			inputPaths = (
				"${PODS_PODFILE_DIR_PATH}/Podfile.lock",
				"${PODS_ROOT}/Manifest.lock",
			);
			name = "[CP] Check Pods Manifest.lock";
			outputFileListPaths = (
			);
			outputPaths = (
				"$(DERIVED_FILE_DIR)/Pods-reactive-mobile-demo-checkManifestLockResult.txt",
			);
			runOnlyForDeploymentPostprocessing = 0;
			shellPath = /bin/sh;
			shellScript = "diff \"${PODS_PODFILE_DIR_PATH}/Podfile.lock\" \"${PODS_ROOT}/Manifest.lock\" > /dev/null\nif [ $? != 0 ] ; then\n    # print error to STDERR\n    echo \"error: The sandbox is not in sync with the Podfile.lock. Run 'pod install' or update your CocoaPods installation.\" >&2\n    exit 1\nfi\n# This output is used by Xcode 'outputs' to avoid re-running this script phase.\necho \"SUCCESS\" > \"${SCRIPT_OUTPUT_FILE_0}\"\n";
			showEnvVarsInLog = 0;
		};
		592B07338AB6469AFF5DF54B /* [CP] Embed Pods Frameworks */ = {
			isa = PBXShellScriptBuildPhase;
			buildActionMask = 2147483647;
			files = (
			);
			inputFileListPaths = (
			);
			inputPaths = (
				"${SRCROOT}/Pods/Target Support Files/Pods-reactive-mobile-demo/Pods-reactive-mobile-demo-frameworks.sh",
				"${BUILT_PRODUCTS_DIR}/ReSwift/ReSwift.framework",
				"${BUILT_PRODUCTS_DIR}/ReSwiftThunk/ReSwiftThunk.framework",
				"${BUILT_PRODUCTS_DIR}/Realm/Realm.framework",
				"${BUILT_PRODUCTS_DIR}/RealmSwift/RealmSwift.framework",
				"${BUILT_PRODUCTS_DIR}/Siesta/Siesta.framework",
			);
			name = "[CP] Embed Pods Frameworks";
			outputFileListPaths = (
			);
			outputPaths = (
				"${TARGET_BUILD_DIR}/${FRAMEWORKS_FOLDER_PATH}/ReSwift.framework",
				"${TARGET_BUILD_DIR}/${FRAMEWORKS_FOLDER_PATH}/ReSwiftThunk.framework",
				"${TARGET_BUILD_DIR}/${FRAMEWORKS_FOLDER_PATH}/Realm.framework",
				"${TARGET_BUILD_DIR}/${FRAMEWORKS_FOLDER_PATH}/RealmSwift.framework",
				"${TARGET_BUILD_DIR}/${FRAMEWORKS_FOLDER_PATH}/Siesta.framework",
			);
			runOnlyForDeploymentPostprocessing = 0;
			shellPath = /bin/sh;
			shellScript = "\"${SRCROOT}/Pods/Target Support Files/Pods-reactive-mobile-demo/Pods-reactive-mobile-demo-frameworks.sh\"\n";
			showEnvVarsInLog = 0;
		};
/* End PBXShellScriptBuildPhase section */

/* Begin PBXSourcesBuildPhase section */
		89AEE0FC22186BC60084FC5C /* Sources */ = {
			isa = PBXSourcesBuildPhase;
			buildActionMask = 2147483647;
			files = (
				89AEE13E221896A80084FC5C /* AuthReducer.swift in Sources */,
				89AEE12A221870AF0084FC5C /* Store.swift in Sources */,
				89AEE10622186BC60084FC5C /* AuthViewController.swift in Sources */,
				89AEE14222199BBA0084FC5C /* ThoughtActions.swift in Sources */,
				89AEE13C221893CC0084FC5C /* AppModel.swift in Sources */,
				89AEE13222187A7F0084FC5C /* User.swift in Sources */,
				89AEE10422186BC60084FC5C /* AppDelegate.swift in Sources */,
				89AEE12C221870DE0084FC5C /* AppState.swift in Sources */,
				89AEE136221881660084FC5C /* AuthState.swift in Sources */,
				89AEE1402218975A0084FC5C /* ThoughtsReducer.swift in Sources */,
				89AEE13A221887610084FC5C /* AuthActions.swift in Sources */,
				89AEE1442219EA340084FC5C /* ThoughtsState.swift in Sources */,
				89AEE13422187E4D0084FC5C /* Thought.swift in Sources */,
				89AEE138221882B00084FC5C /* API.swift in Sources */,
				89AEE12E221871420084FC5C /* MainReducer.swift in Sources */,
				89AEE1472219F0FE0084FC5C /* ThoughtsObserver.swift in Sources */,
			);
			runOnlyForDeploymentPostprocessing = 0;
		};
		89AEE11022186BCC0084FC5C /* Sources */ = {
			isa = PBXSourcesBuildPhase;
			buildActionMask = 2147483647;
			files = (
				89AEE11922186BCC0084FC5C /* reactive_mobile_demoTests.swift in Sources */,
			);
			runOnlyForDeploymentPostprocessing = 0;
		};
/* End PBXSourcesBuildPhase section */

/* Begin PBXTargetDependency section */
		89AEE11622186BCC0084FC5C /* PBXTargetDependency */ = {
			isa = PBXTargetDependency;
			target = 89AEE0FF22186BC60084FC5C /* reactive-mobile-demo */;
			targetProxy = 89AEE11522186BCC0084FC5C /* PBXContainerItemProxy */;
		};
/* End PBXTargetDependency section */

/* Begin PBXVariantGroup section */
		89AEE10722186BC60084FC5C /* Main.storyboard */ = {
			isa = PBXVariantGroup;
			children = (
				89AEE10822186BC60084FC5C /* Base */,
			);
			name = Main.storyboard;
			sourceTree = "<group>";
		};
		89AEE10C22186BCC0084FC5C /* LaunchScreen.storyboard */ = {
			isa = PBXVariantGroup;
			children = (
				89AEE10D22186BCC0084FC5C /* Base */,
			);
			name = LaunchScreen.storyboard;
			sourceTree = "<group>";
		};
/* End PBXVariantGroup section */

/* Begin XCBuildConfiguration section */
		89AEE11B22186BCC0084FC5C /* Debug */ = {
			isa = XCBuildConfiguration;
			buildSettings = {
				ALWAYS_SEARCH_USER_PATHS = NO;
				CLANG_ANALYZER_NONNULL = YES;
				CLANG_ANALYZER_NUMBER_OBJECT_CONVERSION = YES_AGGRESSIVE;
				CLANG_CXX_LANGUAGE_STANDARD = "gnu++14";
				CLANG_CXX_LIBRARY = "libc++";
				CLANG_ENABLE_MODULES = YES;
				CLANG_ENABLE_OBJC_ARC = YES;
				CLANG_ENABLE_OBJC_WEAK = YES;
				CLANG_WARN_BLOCK_CAPTURE_AUTORELEASING = YES;
				CLANG_WARN_BOOL_CONVERSION = YES;
				CLANG_WARN_COMMA = YES;
				CLANG_WARN_CONSTANT_CONVERSION = YES;
				CLANG_WARN_DEPRECATED_OBJC_IMPLEMENTATIONS = YES;
				CLANG_WARN_DIRECT_OBJC_ISA_USAGE = YES_ERROR;
				CLANG_WARN_DOCUMENTATION_COMMENTS = YES;
				CLANG_WARN_EMPTY_BODY = YES;
				CLANG_WARN_ENUM_CONVERSION = YES;
				CLANG_WARN_INFINITE_RECURSION = YES;
				CLANG_WARN_INT_CONVERSION = YES;
				CLANG_WARN_NON_LITERAL_NULL_CONVERSION = YES;
				CLANG_WARN_OBJC_IMPLICIT_RETAIN_SELF = YES;
				CLANG_WARN_OBJC_LITERAL_CONVERSION = YES;
				CLANG_WARN_OBJC_ROOT_CLASS = YES_ERROR;
				CLANG_WARN_RANGE_LOOP_ANALYSIS = YES;
				CLANG_WARN_STRICT_PROTOTYPES = YES;
				CLANG_WARN_SUSPICIOUS_MOVE = YES;
				CLANG_WARN_UNGUARDED_AVAILABILITY = YES_AGGRESSIVE;
				CLANG_WARN_UNREACHABLE_CODE = YES;
				CLANG_WARN__DUPLICATE_METHOD_MATCH = YES;
				CODE_SIGN_IDENTITY = "iPhone Developer";
				COPY_PHASE_STRIP = NO;
				DEBUG_INFORMATION_FORMAT = dwarf;
				ENABLE_STRICT_OBJC_MSGSEND = YES;
				ENABLE_TESTABILITY = YES;
				GCC_C_LANGUAGE_STANDARD = gnu11;
				GCC_DYNAMIC_NO_PIC = NO;
				GCC_NO_COMMON_BLOCKS = YES;
				GCC_OPTIMIZATION_LEVEL = 0;
				GCC_PREPROCESSOR_DEFINITIONS = (
					"DEBUG=1",
					"$(inherited)",
				);
				GCC_WARN_64_TO_32_BIT_CONVERSION = YES;
				GCC_WARN_ABOUT_RETURN_TYPE = YES_ERROR;
				GCC_WARN_UNDECLARED_SELECTOR = YES;
				GCC_WARN_UNINITIALIZED_AUTOS = YES_AGGRESSIVE;
				GCC_WARN_UNUSED_FUNCTION = YES;
				GCC_WARN_UNUSED_VARIABLE = YES;
				IPHONEOS_DEPLOYMENT_TARGET = 12.1;
				MTL_ENABLE_DEBUG_INFO = INCLUDE_SOURCE;
				MTL_FAST_MATH = YES;
				ONLY_ACTIVE_ARCH = YES;
				SDKROOT = iphoneos;
				SWIFT_ACTIVE_COMPILATION_CONDITIONS = DEBUG;
				SWIFT_OPTIMIZATION_LEVEL = "-Onone";
			};
			name = Debug;
		};
		89AEE11C22186BCC0084FC5C /* Release */ = {
			isa = XCBuildConfiguration;
			buildSettings = {
				ALWAYS_SEARCH_USER_PATHS = NO;
				CLANG_ANALYZER_NONNULL = YES;
				CLANG_ANALYZER_NUMBER_OBJECT_CONVERSION = YES_AGGRESSIVE;
				CLANG_CXX_LANGUAGE_STANDARD = "gnu++14";
				CLANG_CXX_LIBRARY = "libc++";
				CLANG_ENABLE_MODULES = YES;
				CLANG_ENABLE_OBJC_ARC = YES;
				CLANG_ENABLE_OBJC_WEAK = YES;
				CLANG_WARN_BLOCK_CAPTURE_AUTORELEASING = YES;
				CLANG_WARN_BOOL_CONVERSION = YES;
				CLANG_WARN_COMMA = YES;
				CLANG_WARN_CONSTANT_CONVERSION = YES;
				CLANG_WARN_DEPRECATED_OBJC_IMPLEMENTATIONS = YES;
				CLANG_WARN_DIRECT_OBJC_ISA_USAGE = YES_ERROR;
				CLANG_WARN_DOCUMENTATION_COMMENTS = YES;
				CLANG_WARN_EMPTY_BODY = YES;
				CLANG_WARN_ENUM_CONVERSION = YES;
				CLANG_WARN_INFINITE_RECURSION = YES;
				CLANG_WARN_INT_CONVERSION = YES;
				CLANG_WARN_NON_LITERAL_NULL_CONVERSION = YES;
				CLANG_WARN_OBJC_IMPLICIT_RETAIN_SELF = YES;
				CLANG_WARN_OBJC_LITERAL_CONVERSION = YES;
				CLANG_WARN_OBJC_ROOT_CLASS = YES_ERROR;
				CLANG_WARN_RANGE_LOOP_ANALYSIS = YES;
				CLANG_WARN_STRICT_PROTOTYPES = YES;
				CLANG_WARN_SUSPICIOUS_MOVE = YES;
				CLANG_WARN_UNGUARDED_AVAILABILITY = YES_AGGRESSIVE;
				CLANG_WARN_UNREACHABLE_CODE = YES;
				CLANG_WARN__DUPLICATE_METHOD_MATCH = YES;
				CODE_SIGN_IDENTITY = "iPhone Developer";
				COPY_PHASE_STRIP = NO;
				DEBUG_INFORMATION_FORMAT = "dwarf-with-dsym";
				ENABLE_NS_ASSERTIONS = NO;
				ENABLE_STRICT_OBJC_MSGSEND = YES;
				GCC_C_LANGUAGE_STANDARD = gnu11;
				GCC_NO_COMMON_BLOCKS = YES;
				GCC_WARN_64_TO_32_BIT_CONVERSION = YES;
				GCC_WARN_ABOUT_RETURN_TYPE = YES_ERROR;
				GCC_WARN_UNDECLARED_SELECTOR = YES;
				GCC_WARN_UNINITIALIZED_AUTOS = YES_AGGRESSIVE;
				GCC_WARN_UNUSED_FUNCTION = YES;
				GCC_WARN_UNUSED_VARIABLE = YES;
				IPHONEOS_DEPLOYMENT_TARGET = 12.1;
				MTL_ENABLE_DEBUG_INFO = NO;
				MTL_FAST_MATH = YES;
				SDKROOT = iphoneos;
				SWIFT_COMPILATION_MODE = wholemodule;
				SWIFT_OPTIMIZATION_LEVEL = "-O";
				VALIDATE_PRODUCT = YES;
			};
			name = Release;
		};
		89AEE11E22186BCC0084FC5C /* Debug */ = {
			isa = XCBuildConfiguration;
			baseConfigurationReference = 2B48D0F760C4388AB579B155 /* Pods-reactive-mobile-demo.debug.xcconfig */;
			buildSettings = {
				ASSETCATALOG_COMPILER_APPICON_NAME = AppIcon;
				CODE_SIGN_STYLE = Automatic;
				DEVELOPMENT_TEAM = 8RXEXFSX5N;
				INFOPLIST_FILE = "reactive-mobile-demo/Info.plist";
				LD_RUNPATH_SEARCH_PATHS = (
					"$(inherited)",
					"@executable_path/Frameworks",
				);
				PRODUCT_BUNDLE_IDENTIFIER = "com.microsoft.reactive-mobile-demo";
				PRODUCT_NAME = "$(TARGET_NAME)";
				SWIFT_VERSION = 4.2;
				TARGETED_DEVICE_FAMILY = "1,2";
			};
			name = Debug;
		};
		89AEE11F22186BCC0084FC5C /* Release */ = {
			isa = XCBuildConfiguration;
			baseConfigurationReference = BAEE11F2E71CF650A6AB3C97 /* Pods-reactive-mobile-demo.release.xcconfig */;
			buildSettings = {
				ASSETCATALOG_COMPILER_APPICON_NAME = AppIcon;
				CODE_SIGN_STYLE = Automatic;
				DEVELOPMENT_TEAM = 8RXEXFSX5N;
				INFOPLIST_FILE = "reactive-mobile-demo/Info.plist";
				LD_RUNPATH_SEARCH_PATHS = (
					"$(inherited)",
					"@executable_path/Frameworks",
				);
				PRODUCT_BUNDLE_IDENTIFIER = "com.microsoft.reactive-mobile-demo";
				PRODUCT_NAME = "$(TARGET_NAME)";
				SWIFT_VERSION = 4.2;
				TARGETED_DEVICE_FAMILY = "1,2";
			};
			name = Release;
		};
		89AEE12122186BCC0084FC5C /* Debug */ = {
			isa = XCBuildConfiguration;
			buildSettings = {
				ALWAYS_EMBED_SWIFT_STANDARD_LIBRARIES = YES;
				BUNDLE_LOADER = "$(TEST_HOST)";
				CODE_SIGN_STYLE = Automatic;
				DEVELOPMENT_TEAM = 8RXEXFSX5N;
				INFOPLIST_FILE = "reactive-mobile-demoTests/Info.plist";
				LD_RUNPATH_SEARCH_PATHS = (
					"$(inherited)",
					"@executable_path/Frameworks",
					"@loader_path/Frameworks",
				);
				PRODUCT_BUNDLE_IDENTIFIER = "com.microsoft.reactive-mobile-demoTests";
				PRODUCT_NAME = "$(TARGET_NAME)";
				SWIFT_VERSION = 4.2;
				TARGETED_DEVICE_FAMILY = "1,2";
				TEST_HOST = "$(BUILT_PRODUCTS_DIR)/reactive-mobile-demo.app/reactive-mobile-demo";
			};
			name = Debug;
		};
		89AEE12222186BCC0084FC5C /* Release */ = {
			isa = XCBuildConfiguration;
			buildSettings = {
				ALWAYS_EMBED_SWIFT_STANDARD_LIBRARIES = YES;
				BUNDLE_LOADER = "$(TEST_HOST)";
				CODE_SIGN_STYLE = Automatic;
				DEVELOPMENT_TEAM = 8RXEXFSX5N;
				INFOPLIST_FILE = "reactive-mobile-demoTests/Info.plist";
				LD_RUNPATH_SEARCH_PATHS = (
					"$(inherited)",
					"@executable_path/Frameworks",
					"@loader_path/Frameworks",
				);
				PRODUCT_BUNDLE_IDENTIFIER = "com.microsoft.reactive-mobile-demoTests";
				PRODUCT_NAME = "$(TARGET_NAME)";
				SWIFT_VERSION = 4.2;
				TARGETED_DEVICE_FAMILY = "1,2";
				TEST_HOST = "$(BUILT_PRODUCTS_DIR)/reactive-mobile-demo.app/reactive-mobile-demo";
			};
			name = Release;
		};
/* End XCBuildConfiguration section */

/* Begin XCConfigurationList section */
		89AEE0FB22186BC60084FC5C /* Build configuration list for PBXProject "reactive-mobile-demo" */ = {
			isa = XCConfigurationList;
			buildConfigurations = (
				89AEE11B22186BCC0084FC5C /* Debug */,
				89AEE11C22186BCC0084FC5C /* Release */,
			);
			defaultConfigurationIsVisible = 0;
			defaultConfigurationName = Release;
		};
		89AEE11D22186BCC0084FC5C /* Build configuration list for PBXNativeTarget "reactive-mobile-demo" */ = {
			isa = XCConfigurationList;
			buildConfigurations = (
				89AEE11E22186BCC0084FC5C /* Debug */,
				89AEE11F22186BCC0084FC5C /* Release */,
			);
			defaultConfigurationIsVisible = 0;
			defaultConfigurationName = Release;
		};
		89AEE12022186BCC0084FC5C /* Build configuration list for PBXNativeTarget "reactive-mobile-demoTests" */ = {
			isa = XCConfigurationList;
			buildConfigurations = (
				89AEE12122186BCC0084FC5C /* Debug */,
				89AEE12222186BCC0084FC5C /* Release */,
			);
			defaultConfigurationIsVisible = 0;
			defaultConfigurationName = Release;
		};
/* End XCConfigurationList section */
	};
	rootObject = 89AEE0F822186BC60084FC5C /* Project object */;
}
